{
  "name": "@openclaw/proactive-intelligence",
  "version": "1.0.0",
  "lockfileVersion": 3,
  "requires": true,
  "packages": {
    "": {
      "name": "@openclaw/proactive-intelligence",
      "version": "1.0.0",
      "license": "INTERNAL",
      "devDependencies": {},
      "engines": {
        "node": ">=14.0.0"
      }
    }
  }
}
